
Microsoft Visual Studio Solution File, Format Version 12.00
# Visual Studio Version 17
VisualStudioVersion = 17.14.36127.28
MinimumVisualStudioVersion = 10.0.40219.1
Project("{FAE04EC0-301F-11D3-BF4B-00C04F79EFBC}") = "BusinessObjects", "BusinessObjects\BusinessObjects.csproj", "{1D0CF88E-BEA1-460E-BA21-CBFE32B8255B}"
EndProject
Project("{FAE04EC0-301F-11D3-BF4B-00C04F79EFBC}") = "DataAccessLayer", "DataAccessLayer\DataAccessLayer.csproj", "{D207B510-5056-4E83-98FD-2C8135A1C5E3}"
EndProject
Project("{FAE04EC0-301F-11D3-BF4B-00C04F79EFBC}") = "Repositories", "Repositories\Repositories.csproj", "{91C632DC-97F4-424C-99BE-5288CBB74AFE}"
EndProject
Project("{FAE04EC0-301F-11D3-BF4B-00C04F79EFBC}") = "Services", "Services\Services.csproj", "{A0170853-02BA-4001-9713-9026E60C7E59}"
EndProject
Project("{FAE04EC0-301F-11D3-BF4B-00C04F79EFBC}") = "WPFApp", "WPFApp\WPFApp.csproj", "{F20D906C-FA4C-4F3A-815A-29D40DED52AC}"
EndProject
Global
	GlobalSection(SolutionConfigurationPlatforms) = preSolution
		Debug|Any CPU = Debug|Any CPU
		Release|Any CPU = Release|Any CPU
	EndGlobalSection
	GlobalSection(ProjectConfigurationPlatforms) = postSolution
		{1D0CF88E-BEA1-460E-BA21-CBFE32B8255B}.Debug|Any CPU.ActiveCfg = Debug|Any CPU
		{1D0CF88E-BEA1-460E-BA21-CBFE32B8255B}.Debug|Any CPU.Build.0 = Debug|Any CPU
		{1D0CF88E-BEA1-460E-BA21-CBFE32B8255B}.Release|Any CPU.ActiveCfg = Release|Any CPU
		{1D0CF88E-BEA1-460E-BA21-CBFE32B8255B}.Release|Any CPU.Build.0 = Release|Any CPU
		{D207B510-5056-4E83-98FD-2C8135A1C5E3}.Debug|Any CPU.ActiveCfg = Debug|Any CPU
		{D207B510-5056-4E83-98FD-2C8135A1C5E3}.Debug|Any CPU.Build.0 = Debug|Any CPU
		{D207B510-5056-4E83-98FD-2C8135A1C5E3}.Release|Any CPU.ActiveCfg = Release|Any CPU
		{D207B510-5056-4E83-98FD-2C8135A1C5E3}.Release|Any CPU.Build.0 = Release|Any CPU
		{91C632DC-97F4-424C-99BE-5288CBB74AFE}.Debug|Any CPU.ActiveCfg = Debug|Any CPU
		{91C632DC-97F4-424C-99BE-5288CBB74AFE}.Debug|Any CPU.Build.0 = Debug|Any CPU
		{91C632DC-97F4-424C-99BE-5288CBB74AFE}.Release|Any CPU.ActiveCfg = Release|Any CPU
		{91C632DC-97F4-424C-99BE-5288CBB74AFE}.Release|Any CPU.Build.0 = Release|Any CPU
		{A0170853-02BA-4001-9713-9026E60C7E59}.Debug|Any CPU.ActiveCfg = Debug|Any CPU
		{A0170853-02BA-4001-9713-9026E60C7E59}.Debug|Any CPU.Build.0 = Debug|Any CPU
		{A0170853-02BA-4001-9713-9026E60C7E59}.Release|Any CPU.ActiveCfg = Release|Any CPU
		{A0170853-02BA-4001-9713-9026E60C7E59}.Release|Any CPU.Build.0 = Release|Any CPU
		{F20D906C-FA4C-4F3A-815A-29D40DED52AC}.Debug|Any CPU.ActiveCfg = Debug|Any CPU
		{F20D906C-FA4C-4F3A-815A-29D40DED52AC}.Debug|Any CPU.Build.0 = Debug|Any CPU
		{F20D906C-FA4C-4F3A-815A-29D40DED52AC}.Release|Any CPU.ActiveCfg = Release|Any CPU
		{F20D906C-FA4C-4F3A-815A-29D40DED52AC}.Release|Any CPU.Build.0 = Release|Any CPU
	EndGlobalSection
	GlobalSection(SolutionProperties) = preSolution
		HideSolutionNode = FALSE
	EndGlobalSection
	GlobalSection(ExtensibilityGlobals) = postSolution
		SolutionGuid = {E5F03A55-7320-4E3C-8B0F-C742E10EF244}
	EndGlobalSection
EndGlobal
